# This file is automatically @generated by Cargo.
# It is not intended for manual editing.
version = 4

[[package]]
name = "holycli"
version = "0.1.2"
dependencies = [
 "holyindex",
 "holylex",
]

[[package]]
name = "holyindex"
version = "0.1.2"
dependencies = [
 "holylex",
]

[[package]]
name = "holylex"
version = "0.1.2"
