# This file is automatically @generated by Cargo.
# It is not intended for manual editing.
version = 4

[[package]]
name = "holyindex"
version = "0.2.7"
dependencies = [
 "holylex",
]

[[package]]
name = "holylex"
version = "0.2.7"

[[package]]
name = "holytools"
version = "0.2.7"
dependencies = [
 "holyindex",
 "holylex",
]
